
Microsoft Visual Studio Solution File, Format Version 12.00
# Visual Studio Version 17
VisualStudioVersion = 17.0.31912.275
MinimumVisualStudioVersion = 10.0.40219.1
Project("{FAE04EC0-301F-11D3-BF4B-00C04F79EFBC}") = "PrimeiroVS Code (teste)", "PrimeiroVS Code (teste).csproj", "{C915052C-2BFF-4C6A-9A62-1EF593CE38A2}"
EndProject
Global
	GlobalSection(SolutionConfigurationPlatforms) = preSolution
		Debug|Any CPU = Debug|Any CPU
		Release|Any CPU = Release|Any CPU
	EndGlobalSection
	GlobalSection(ProjectConfigurationPlatforms) = postSolution
		{C915052C-2BFF-4C6A-9A62-1EF593CE38A2}.Debug|Any CPU.ActiveCfg = Debug|Any CPU
		{C915052C-2BFF-4C6A-9A62-1EF593CE38A2}.Debug|Any CPU.Build.0 = Debug|Any CPU
		{C915052C-2BFF-4C6A-9A62-1EF593CE38A2}.Release|Any CPU.ActiveCfg = Release|Any CPU
		{C915052C-2BFF-4C6A-9A62-1EF593CE38A2}.Release|Any CPU.Build.0 = Release|Any CPU
	EndGlobalSection
	GlobalSection(SolutionProperties) = preSolution
		HideSolutionNode = FALSE
	EndGlobalSection
	GlobalSection(ExtensibilityGlobals) = postSolution
		SolutionGuid = {8E82FDAE-47C2-49A2-AA52-ECBA14A08D36}
	EndGlobalSection
EndGlobal
